
Microsoft Visual Studio Solution File, Format Version 12.00
# Visual Studio Version 17
VisualStudioVersion = 17.11.35219.272
MinimumVisualStudioVersion = 10.0.40219.1
Project("{888888A0-9F3D-457C-B088-3A5042F75D52}") = "Temperature", "Temperature.pyproj", "{1DBAA08B-FC3C-4F4B-917D-9327FD042C99}"
EndProject
Global
	GlobalSection(SolutionConfigurationPlatforms) = preSolution
		Debug|Any CPU = Debug|Any CPU
		Release|Any CPU = Release|Any CPU
	EndGlobalSection
	GlobalSection(ProjectConfigurationPlatforms) = postSolution
		{1DBAA08B-FC3C-4F4B-917D-9327FD042C99}.Debug|Any CPU.ActiveCfg = Debug|Any CPU
		{1DBAA08B-FC3C-4F4B-917D-9327FD042C99}.Release|Any CPU.ActiveCfg = Release|Any CPU
	EndGlobalSection
	GlobalSection(SolutionProperties) = preSolution
		HideSolutionNode = FALSE
	EndGlobalSection
	GlobalSection(ExtensibilityGlobals) = postSolution
		SolutionGuid = {4FF36B96-CFDA-46FB-9B25-4EA6606317B2}
	EndGlobalSection
EndGlobal
